// !$*UTF8*$!
{
	archiveVersion = 1;
	classes = {
	};
	objectVersion = 46;
	objects = {

/* Begin PBXBuildFile section */
		6594BCB719A3615E00A4383F /* SoundFun.swift in Sources */ = {isa = PBXBuildFile; fileRef = 6594BCB619A3615E00A4383F /* SoundFun.swift */; };
		65AD67F319A20F4A0080F2F9 /* AppDelegate.swift in Sources */ = {isa = PBXBuildFile; fileRef = 65AD67F219A20F4A0080F2F9 /* AppDelegate.swift */; };
		65AD67F619A20F4A0080F2F9 /* Conservatively.xcdatamodeld in Sources */ = {isa = PBXBuildFile; fileRef = 65AD67F419A20F4A0080F2F9 /* Conservatively.xcdatamodeld */; };
		65AD67F819A20F4A0080F2F9 /* ViewController.swift in Sources */ = {isa = PBXBuildFile; fileRef = 65AD67F719A20F4A0080F2F9 /* ViewController.swift */; };
		65AD67FB19A20F4A0080F2F9 /* Main.storyboard in Resources */ = {isa = PBXBuildFile; fileRef = 65AD67F919A20F4A0080F2F9 /* Main.storyboard */; };
		65AD67FD19A20F4A0080F2F9 /* Images.xcassets in Resources */ = {isa = PBXBuildFile; fileRef = 65AD67FC19A20F4A0080F2F9 /* Images.xcassets */; };
		65AD680919A20F4A0080F2F9 /* ConservativelyTests.swift in Sources */ = {isa = PBXBuildFile; fileRef = 65AD680819A20F4A0080F2F9 /* ConservativelyTests.swift */; };
/* End PBXBuildFile section */

/* Begin PBXContainerItemProxy section */
		65AD680319A20F4A0080F2F9 /* PBXContainerItemProxy */ = {
			isa = PBXContainerItemProxy;
			containerPortal = 65AD67E519A20F4A0080F2F9 /* Project object */;
			proxyType = 1;
			remoteGlobalIDString = 65AD67EC19A20F4A0080F2F9;
			remoteInfo = Conservatively;
		};
/* End PBXContainerItemProxy section */

/* Begin PBXFileReference section */
		6594BCB619A3615E00A4383F /* SoundFun.swift */ = {isa = PBXFileReference; fileEncoding = 4; lastKnownFileType = sourcecode.swift; path = SoundFun.swift; sourceTree = "<group>"; };
		65AD67ED19A20F4A0080F2F9 /* Conservatively.app */ = {isa = PBXFileReference; explicitFileType = wrapper.application; includeInIndex = 0; path = Conservatively.app; sourceTree = BUILT_PRODUCTS_DIR; };
		65AD67F119A20F4A0080F2F9 /* Info.plist */ = {isa = PBXFileReference; lastKnownFileType = text.plist.xml; path = Info.plist; sourceTree = "<group>"; };
		65AD67F219A20F4A0080F2F9 /* AppDelegate.swift */ = {isa = PBXFileReference; lastKnownFileType = sourcecode.swift; path = AppDelegate.swift; sourceTree = "<group>"; };
		65AD67F519A20F4A0080F2F9 /* Conservatively.xcdatamodel */ = {isa = PBXFileReference; lastKnownFileType = wrapper.xcdatamodel; path = Conservatively.xcdatamodel; sourceTree = "<group>"; };
		65AD67F719A20F4A0080F2F9 /* ViewController.swift */ = {isa = PBXFileReference; lastKnownFileType = sourcecode.swift; path = ViewController.swift; sourceTree = "<group>"; };
		65AD67FA19A20F4A0080F2F9 /* Base */ = {isa = PBXFileReference; lastKnownFileType = file.storyboard; name = Base; path = Base.lproj/Main.storyboard; sourceTree = "<group>"; };
		65AD67FC19A20F4A0080F2F9 /* Images.xcassets */ = {isa = PBXFileReference; lastKnownFileType = folder.assetcatalog; path = Images.xcassets; sourceTree = "<group>"; };
		65AD680219A20F4A0080F2F9 /* ConservativelyTests.xctest */ = {isa = PBXFileReference; explicitFileType = wrapper.cfbundle; includeInIndex = 0; path = ConservativelyTests.xctest; sourceTree = BUILT_PRODUCTS_DIR; };
		65AD680719A20F4A0080F2F9 /* Info.plist */ = {isa = PBXFileReference; lastKnownFileType = text.plist.xml; path = Info.plist; sourceTree = "<group>"; };
		65AD680819A20F4A0080F2F9 /* ConservativelyTests.swift */ = {isa = PBXFileReference; lastKnownFileType = sourcecode.swift; path = ConservativelyTests.swift; sourceTree = "<group>"; };
/* End PBXFileReference section */

/* Begin PBXFrameworksBuildPhase section */
		65AD67EA19A20F4A0080F2F9 /* Frameworks */ = {
			isa = PBXFrameworksBuildPhase;
			buildActionMask = 2147483647;
			files = (
			);
			runOnlyForDeploymentPostprocessing = 0;
		};
		65AD67FF19A20F4A0080F2F9 /* Frameworks */ = {
			isa = PBXFrameworksBuildPhase;
			buildActionMask = 2147483647;
			files = (
			);
			runOnlyForDeploymentPostprocessing = 0;
		};
/* End PBXFrameworksBuildPhase section */

/* Begin PBXGroup section */
		65AD67E419A20F4A0080F2F9 = {
			isa = PBXGroup;
			children = (
				65AD67EF19A20F4A0080F2F9 /* Conservatively */,
				65AD680519A20F4A0080F2F9 /* ConservativelyTests */,
				65AD67EE19A20F4A0080F2F9 /* Products */,
			);
			sourceTree = "<group>";
		};
		65AD67EE19A20F4A0080F2F9 /* Products */ = {
			isa = PBXGroup;
			children = (
				65AD67ED19A20F4A0080F2F9 /* Conservatively.app */,
				65AD680219A20F4A0080F2F9 /* ConservativelyTests.xctest */,
			);
			name = Products;
			sourceTree = "<group>";
		};
		65AD67EF19A20F4A0080F2F9 /* Conservatively */ = {
			isa = PBXGroup;
			children = (
				65AD67F219A20F4A0080F2F9 /* AppDelegate.swift */,
				65AD67F719A20F4A0080F2F9 /* ViewController.swift */,
				6594BCB619A3615E00A4383F /* SoundFun.swift */,
				65AD67F919A20F4A0080F2F9 /* Main.storyboard */,
				65AD67FC19A20F4A0080F2F9 /* Images.xcassets */,
				65AD67F419A20F4A0080F2F9 /* Conservatively.xcdatamodeld */,
				65AD67F019A20F4A0080F2F9 /* Supporting Files */,
			);
			path = Conservatively;
			sourceTree = "<group>";
		};
		65AD67F019A20F4A0080F2F9 /* Supporting Files */ = {
			isa = PBXGroup;
			children = (
				65AD67F119A20F4A0080F2F9 /* Info.plist */,
			);
			name = "Supporting Files";
			sourceTree = "<group>";
		};
		65AD680519A20F4A0080F2F9 /* ConservativelyTests */ = {
			isa = PBXGroup;
			children = (
				65AD680819A20F4A0080F2F9 /* ConservativelyTests.swift */,
				65AD680619A20F4A0080F2F9 /* Supporting Files */,
			);
			path = ConservativelyTests;
			sourceTree = "<group>";
		};
		65AD680619A20F4A0080F2F9 /* Supporting Files */ = {
			isa = PBXGroup;
			children = (
				65AD680719A20F4A0080F2F9 /* Info.plist */,
			);
			name = "Supporting Files";
			sourceTree = "<group>";
		};
/* End PBXGroup section */

/* Begin PBXNativeTarget section */
		65AD67EC19A20F4A0080F2F9 /* Conservatively */ = {
			isa = PBXNativeTarget;
			buildConfigurationList = 65AD680C19A20F4A0080F2F9 /* Build configuration list for PBXNativeTarget "Conservatively" */;
			buildPhases = (
				65AD67E919A20F4A0080F2F9 /* Sources */,
				65AD67EA19A20F4A0080F2F9 /* Frameworks */,
				65AD67EB19A20F4A0080F2F9 /* Resources */,
			);
			buildRules = (
			);
			dependencies = (
			);
			name = Conservatively;
			productName = Conservatively;
			productReference = 65AD67ED19A20F4A0080F2F9 /* Conservatively.app */;
			productType = "com.apple.product-type.application";
		};
		65AD680119A20F4A0080F2F9 /* ConservativelyTests */ = {
			isa = PBXNativeTarget;
			buildConfigurationList = 65AD680F19A20F4A0080F2F9 /* Build configuration list for PBXNativeTarget "ConservativelyTests" */;
			buildPhases = (
				65AD67FE19A20F4A0080F2F9 /* Sources */,
				65AD67FF19A20F4A0080F2F9 /* Frameworks */,
				65AD680019A20F4A0080F2F9 /* Resources */,
			);
			buildRules = (
			);
			dependencies = (
				65AD680419A20F4A0080F2F9 /* PBXTargetDependency */,
			);
			name = ConservativelyTests;
			productName = ConservativelyTests;
			productReference = 65AD680219A20F4A0080F2F9 /* ConservativelyTests.xctest */;
			productType = "com.apple.product-type.bundle.unit-test";
		};
/* End PBXNativeTarget section */

/* Begin PBXProject section */
		65AD67E519A20F4A0080F2F9 /* Project object */ = {
			isa = PBXProject;
			attributes = {
				LastUpgradeCheck = 0600;
				ORGANIZATIONNAME = "Daniel Too";
				TargetAttributes = {
					65AD67EC19A20F4A0080F2F9 = {
						CreatedOnToolsVersion = 6.0;
					};
					65AD680119A20F4A0080F2F9 = {
						CreatedOnToolsVersion = 6.0;
						TestTargetID = 65AD67EC19A20F4A0080F2F9;
					};
				};
			};
			buildConfigurationList = 65AD67E819A20F4A0080F2F9 /* Build configuration list for PBXProject "Conservatively" */;
			compatibilityVersion = "Xcode 3.2";
			developmentRegion = English;
			hasScannedForEncodings = 0;
			knownRegions = (
				en,
				Base,
			);
			mainGroup = 65AD67E419A20F4A0080F2F9;
			productRefGroup = 65AD67EE19A20F4A0080F2F9 /* Products */;
			projectDirPath = "";
			projectRoot = "";
			targets = (
				65AD67EC19A20F4A0080F2F9 /* Conservatively */,
				65AD680119A20F4A0080F2F9 /* ConservativelyTests */,
			);
		};
/* End PBXProject section */

/* Begin PBXResourcesBuildPhase section */
		65AD67EB19A20F4A0080F2F9 /* Resources */ = {
			isa = PBXResourcesBuildPhase;
			buildActionMask = 2147483647;
			files = (
				65AD67FB19A20F4A0080F2F9 /* Main.storyboard in Resources */,
				65AD67FD19A20F4A0080F2F9 /* Images.xcassets in Resources */,
			);
			runOnlyForDeploymentPostprocessing = 0;
		};
		65AD680019A20F4A0080F2F9 /* Resources */ = {
			isa = PBXResourcesBuildPhase;
			buildActionMask = 2147483647;
			files = (
			);
			runOnlyForDeploymentPostprocessing = 0;
		};
/* End PBXResourcesBuildPhase section */

/* Begin PBXSourcesBuildPhase section */
		65AD67E919A20F4A0080F2F9 /* Sources */ = {
			isa = PBXSourcesBuildPhase;
			buildActionMask = 2147483647;
			files = (
				65AD67F819A20F4A0080F2F9 /* ViewController.swift in Sources */,
				65AD67F319A20F4A0080F2F9 /* AppDelegate.swift in Sources */,
				65AD67F619A20F4A0080F2F9 /* Conservatively.xcdatamodeld in Sources */,
				6594BCB719A3615E00A4383F /* SoundFun.swift in Sources */,
			);
			runOnlyForDeploymentPostprocessing = 0;
		};
		65AD67FE19A20F4A0080F2F9 /* Sources */ = {
			isa = PBXSourcesBuildPhase;
			buildActionMask = 2147483647;
			files = (
				65AD680919A20F4A0080F2F9 /* ConservativelyTests.swift in Sources */,
			);
			runOnlyForDeploymentPostprocessing = 0;
		};
/* End PBXSourcesBuildPhase section */

/* Begin PBXTargetDependency section */
		65AD680419A20F4A0080F2F9 /* PBXTargetDependency */ = {
			isa = PBXTargetDependency;
			target = 65AD67EC19A20F4A0080F2F9 /* Conservatively */;
			targetProxy = 65AD680319A20F4A0080F2F9 /* PBXContainerItemProxy */;
		};
/* End PBXTargetDependency section */

/* Begin PBXVariantGroup section */
		65AD67F919A20F4A0080F2F9 /* Main.storyboard */ = {
			isa = PBXVariantGroup;
			children = (
				65AD67FA19A20F4A0080F2F9 /* Base */,
			);
			name = Main.storyboard;
			sourceTree = "<group>";
		};
/* End PBXVariantGroup section */

/* Begin XCBuildConfiguration section */
		65AD680A19A20F4A0080F2F9 /* Debug */ = {
			isa = XCBuildConfiguration;
			buildSettings = {
				ALWAYS_SEARCH_USER_PATHS = NO;
				CLANG_CXX_LANGUAGE_STANDARD = "gnu++0x";
				CLANG_CXX_LIBRARY = "libc++";
				CLANG_ENABLE_MODULES = YES;
				CLANG_ENABLE_OBJC_ARC = YES;
				CLANG_WARN_BOOL_CONVERSION = YES;
				CLANG_WARN_CONSTANT_CONVERSION = YES;
				CLANG_WARN_DIRECT_OBJC_ISA_USAGE = YES_ERROR;
				CLANG_WARN_EMPTY_BODY = YES;
				CLANG_WARN_ENUM_CONVERSION = YES;
				CLANG_WARN_INT_CONVERSION = YES;
				CLANG_WARN_OBJC_ROOT_CLASS = YES_ERROR;
				CLANG_WARN_UNREACHABLE_CODE = YES;
				CLANG_WARN__DUPLICATE_METHOD_MATCH = YES;
				"CODE_SIGN_IDENTITY[sdk=iphoneos*]" = "iPhone Developer";
				COPY_PHASE_STRIP = NO;
				ENABLE_STRICT_OBJC_MSGSEND = YES;
				GCC_C_LANGUAGE_STANDARD = gnu99;
				GCC_DYNAMIC_NO_PIC = NO;
				GCC_OPTIMIZATION_LEVEL = 0;
				GCC_PREPROCESSOR_DEFINITIONS = (
					"DEBUG=1",
					"$(inherited)",
				);
				GCC_SYMBOLS_PRIVATE_EXTERN = NO;
				GCC_WARN_64_TO_32_BIT_CONVERSION = YES;
				GCC_WARN_ABOUT_RETURN_TYPE = YES_ERROR;
				GCC_WARN_UNDECLARED_SELECTOR = YES;
				GCC_WARN_UNINITIALIZED_AUTOS = YES_AGGRESSIVE;
				GCC_WARN_UNUSED_FUNCTION = YES;
				GCC_WARN_UNUSED_VARIABLE = YES;
				IPHONEOS_DEPLOYMENT_TARGET = 8.0;
				MTL_ENABLE_DEBUG_INFO = YES;
				ONLY_ACTIVE_ARCH = YES;
				SDKROOT = iphoneos;
				SWIFT_OPTIMIZATION_LEVEL = "-Onone";
				TARGETED_DEVICE_FAMILY = "1,2";
			};
			name = Debug;
		};
		65AD680B19A20F4A0080F2F9 /* Release */ = {
			isa = XCBuildConfiguration;
			buildSettings = {
				ALWAYS_SEARCH_USER_PATHS = NO;
				CLANG_CXX_LANGUAGE_STANDARD = "gnu++0x";
				CLANG_CXX_LIBRARY = "libc++";
				CLANG_ENABLE_MODULES = YES;
				CLANG_ENABLE_OBJC_ARC = YES;
				CLANG_WARN_BOOL_CONVERSION = YES;
				CLANG_WARN_CONSTANT_CONVERSION = YES;
				CLANG_WARN_DIRECT_OBJC_ISA_USAGE = YES_ERROR;
				CLANG_WARN_EMPTY_BODY = YES;
				CLANG_WARN_ENUM_CONVERSION = YES;
				CLANG_WARN_INT_CONVERSION = YES;
				CLANG_WARN_OBJC_ROOT_CLASS = YES_ERROR;
				CLANG_WARN_UNREACHABLE_CODE = YES;
				CLANG_WARN__DUPLICATE_METHOD_MATCH = YES;
				"CODE_SIGN_IDENTITY[sdk=iphoneos*]" = "iPhone Developer";
				COPY_PHASE_STRIP = YES;
				ENABLE_NS_ASSERTIONS = NO;
				ENABLE_STRICT_OBJC_MSGSEND = YES;
				GCC_C_LANGUAGE_STANDARD = gnu99;
				GCC_WARN_64_TO_32_BIT_CONVERSION = YES;
				GCC_WARN_ABOUT_RETURN_TYPE = YES_ERROR;
				GCC_WARN_UNDECLARED_SELECTOR = YES;
				GCC_WARN_UNINITIALIZED_AUTOS = YES_AGGRESSIVE;
				GCC_WARN_UNUSED_FUNCTION = YES;
				GCC_WARN_UNUSED_VARIABLE = YES;
				IPHONEOS_DEPLOYMENT_TARGET = 8.0;
				MTL_ENABLE_DEBUG_INFO = NO;
				SDKROOT = iphoneos;
				TARGETED_DEVICE_FAMILY = "1,2";
				VALIDATE_PRODUCT = YES;
			};
			name = Release;
		};
		65AD680D19A20F4A0080F2F9 /* Debug */ = {
			isa = XCBuildConfiguration;
			buildSettings = {
				ASSETCATALOG_COMPILER_APPICON_NAME = AppIcon;
				ASSETCATALOG_COMPILER_LAUNCHIMAGE_NAME = LaunchImage;
				INFOPLIST_FILE = Conservatively/Info.plist;
				IPHONEOS_DEPLOYMENT_TARGET = 7.1;
				LD_RUNPATH_SEARCH_PATHS = "$(inherited) @executable_path/Frameworks";
				PRODUCT_NAME = "$(TARGET_NAME)";
			};
			name = Debug;
		};
		65AD680E19A20F4A0080F2F9 /* Release */ = {
			isa = XCBuildConfiguration;
			buildSettings = {
				ASSETCATALOG_COMPILER_APPICON_NAME = AppIcon;
				ASSETCATALOG_COMPILER_LAUNCHIMAGE_NAME = LaunchImage;
				INFOPLIST_FILE = Conservatively/Info.plist;
				IPHONEOS_DEPLOYMENT_TARGET = 7.1;
				LD_RUNPATH_SEARCH_PATHS = "$(inherited) @executable_path/Frameworks";
				PRODUCT_NAME = "$(TARGET_NAME)";
			};
			name = Release;
		};
		65AD681019A20F4A0080F2F9 /* Debug */ = {
			isa = XCBuildConfiguration;
			buildSettings = {
				BUNDLE_LOADER = "$(TEST_HOST)";
				FRAMEWORK_SEARCH_PATHS = (
					"$(SDKROOT)/Developer/Library/Frameworks",
					"$(inherited)",
				);
				GCC_PREPROCESSOR_DEFINITIONS = (
					"DEBUG=1",
					"$(inherited)",
				);
				INFOPLIST_FILE = ConservativelyTests/Info.plist;
				LD_RUNPATH_SEARCH_PATHS = "$(inherited) @executable_path/Frameworks @loader_path/Frameworks";
				PRODUCT_NAME = "$(TARGET_NAME)";
				TEST_HOST = "$(BUILT_PRODUCTS_DIR)/Conservatively.app/Conservatively";
			};
			name = Debug;
		};
		65AD681119A20F4A0080F2F9 /* Release */ = {
			isa = XCBuildConfiguration;
			buildSettings = {
				BUNDLE_LOADER = "$(TEST_HOST)";
				FRAMEWORK_SEARCH_PATHS = (
					"$(SDKROOT)/Developer/Library/Frameworks",
					"$(inherited)",
				);
				INFOPLIST_FILE = ConservativelyTests/Info.plist;
				LD_RUNPATH_SEARCH_PATHS = "$(inherited) @executable_path/Frameworks @loader_path/Frameworks";
				PRODUCT_NAME = "$(TARGET_NAME)";
				TEST_HOST = "$(BUILT_PRODUCTS_DIR)/Conservatively.app/Conservatively";
			};
			name = Release;
		};
/* End XCBuildConfiguration section */

/* Begin XCConfigurationList section */
		65AD67E819A20F4A0080F2F9 /* Build configuration list for PBXProject "Conservatively" */ = {
			isa = XCConfigurationList;
			buildConfigurations = (
				65AD680A19A20F4A0080F2F9 /* Debug */,
				65AD680B19A20F4A0080F2F9 /* Release */,
			);
			defaultConfigurationIsVisible = 0;
			defaultConfigurationName = Release;
		};
		65AD680C19A20F4A0080F2F9 /* Build configuration list for PBXNativeTarget "Conservatively" */ = {
			isa = XCConfigurationList;
			buildConfigurations = (
				65AD680D19A20F4A0080F2F9 /* Debug */,
				65AD680E19A20F4A0080F2F9 /* Release */,
			);
			defaultConfigurationIsVisible = 0;
			defaultConfigurationName = Release;
		};
		65AD680F19A20F4A0080F2F9 /* Build configuration list for PBXNativeTarget "ConservativelyTests" */ = {
			isa = XCConfigurationList;
			buildConfigurations = (
				65AD681019A20F4A0080F2F9 /* Debug */,
				65AD681119A20F4A0080F2F9 /* Release */,
			);
			defaultConfigurationIsVisible = 0;
			defaultConfigurationName = Release;
		};
/* End XCConfigurationList section */

/* Begin XCVersionGroup section */
		65AD67F419A20F4A0080F2F9 /* Conservatively.xcdatamodeld */ = {
			isa = XCVersionGroup;
			children = (
				65AD67F519A20F4A0080F2F9 /* Conservatively.xcdatamodel */,
			);
			currentVersion = 65AD67F519A20F4A0080F2F9 /* Conservatively.xcdatamodel */;
			path = Conservatively.xcdatamodeld;
			sourceTree = "<group>";
			versionGroupType = wrapper.xcdatamodel;
		};
/* End XCVersionGroup section */
	};
	rootObject = 65AD67E519A20F4A0080F2F9 /* Project object */;
}
